{
  "nodes": {
    "nixpkgs": {
      "locked": {
        "lastModified": 1588027483,
        "narHash": "sha256-DcNFRegA72g1fmVWp+kFxxD4JuAwwM7XjYy0ebRa56U=",
        "owner": "NixOS",
        "repo": "nixpkgs",
        "rev": "2faa76db27c4a8045d050d9b390dbb2249b0f3c0",
        "type": "github"
      },
      "original": {
        "id": "nixpkgs",
        "ref": "nixos-20.03",
        "type": "indirect"
      }
    },
    "pcb-rnd-src": {
      "flake": false,
      "locked": {
        "narHash": "sha256-Q9SFmi7XjV297qSfH/fNdqO9vw6FtCF7Y6n6GRNEzIg=",
        "type": "tarball",
        "url": "http://repo.hu/projects/pcb-rnd/releases/pcb-rnd-2.2.3.tar.bz2"
      },
      "original": {
        "type": "tarball",
        "url": "http://repo.hu/projects/pcb-rnd/releases/pcb-rnd-2.2.3.tar.bz2"
      }
    },
    "root": {
      "inputs": {
        "nixpkgs": "nixpkgs",
        "pcb-rnd-src": "pcb-rnd-src"
      }
    }
  },
  "root": "root",
  "version": 7
}
